// !$*UTF8*$!
{
	archiveVersion = 1;
	classes = {
	};
	objectVersion = 48;
	objects = {

/* Begin PBXBuildFile section */
		A70B365024D89B9400DF00F1 /* TabViewController.swift in Sources */ = {isa = PBXBuildFile; fileRef = A70B364A24D89B9400DF00F1 /* TabViewController.swift */; };
		A70B365124D89B9400DF00F1 /* AddPinViewController.swift in Sources */ = {isa = PBXBuildFile; fileRef = A70B364B24D89B9400DF00F1 /* AddPinViewController.swift */; };
		A70B365224D89B9400DF00F1 /* AddLinkViewController.swift in Sources */ = {isa = PBXBuildFile; fileRef = A70B364C24D89B9400DF00F1 /* AddLinkViewController.swift */; };
		A70B365324D89B9400DF00F1 /* ListViewController.swift in Sources */ = {isa = PBXBuildFile; fileRef = A70B364D24D89B9400DF00F1 /* ListViewController.swift */; };
		A70B365424D89B9400DF00F1 /* MapViewController.swift in Sources */ = {isa = PBXBuildFile; fileRef = A70B364E24D89B9400DF00F1 /* MapViewController.swift */; };
		A70B365524D89B9400DF00F1 /* LoginViewController.swift in Sources */ = {isa = PBXBuildFile; fileRef = A70B364F24D89B9400DF00F1 /* LoginViewController.swift */; };
		A721D4F7205E07330047C355 /* MapViewController.swift in Sources */ = {isa = PBXBuildFile; fileRef = A721D4F6205E07330047C355 /* MapViewController.swift */; };
		A721D4F9205F70090047C355 /* StudentInfo.swift in Sources */ = {isa = PBXBuildFile; fileRef = A721D4F8205F70090047C355 /* StudentInfo.swift */; };
		A721D4FD20670C850047C355 /* ParseConvenience.swift in Sources */ = {isa = PBXBuildFile; fileRef = A721D4FC20670C850047C355 /* ParseConvenience.swift */; };
		A7A1F073206EB85A0007FFAB /* UdacityConvenience.swift in Sources */ = {isa = PBXBuildFile; fileRef = A7A1F072206EB85A0007FFAB /* UdacityConvenience.swift */; };
		A7A1F075206EDEC20007FFAB /* ListViewController.swift in Sources */ = {isa = PBXBuildFile; fileRef = A7A1F074206EDEC20007FFAB /* ListViewController.swift */; };
		A7A1F079206F17160007FFAB /* TabViewController.swift in Sources */ = {isa = PBXBuildFile; fileRef = A7A1F078206F17160007FFAB /* TabViewController.swift */; };
		A7BCA07B20719DB000B7E29C /* AlertView.swift in Sources */ = {isa = PBXBuildFile; fileRef = A7BCA07A20719DB000B7E29C /* AlertView.swift */; };
		A7BCA07D2071A28900B7E29C /* AddPinViewController.swift in Sources */ = {isa = PBXBuildFile; fileRef = A7BCA07C2071A28900B7E29C /* AddPinViewController.swift */; };
		A7BCA07F2071AEE900B7E29C /* AddLinkViewController.swift in Sources */ = {isa = PBXBuildFile; fileRef = A7BCA07E2071AEE900B7E29C /* AddLinkViewController.swift */; };
		A7EF4FA72059FF1F00629154 /* UdacityConstants.swift in Sources */ = {isa = PBXBuildFile; fileRef = A7EF4FA62059FF1F00629154 /* UdacityConstants.swift */; };
		A7EF4FA92059FF2C00629154 /* UdacityClient.swift in Sources */ = {isa = PBXBuildFile; fileRef = A7EF4FA82059FF2C00629154 /* UdacityClient.swift */; };
		A7EF4FAB205A15CB00629154 /* GCDBlackBox.swift in Sources */ = {isa = PBXBuildFile; fileRef = A7EF4FAA205A15CB00629154 /* GCDBlackBox.swift */; };
		A7EF4FB0205B350B00629154 /* FBSDKLoginKit.framework in Frameworks */ = {isa = PBXBuildFile; fileRef = A7EF4FAD205B350B00629154 /* FBSDKLoginKit.framework */; };
		A7EF4FB1205B350B00629154 /* Bolts.framework in Frameworks */ = {isa = PBXBuildFile; fileRef = A7EF4FAE205B350B00629154 /* Bolts.framework */; };
		A7EF4FB2205B350B00629154 /* FBSDKCoreKit.framework in Frameworks */ = {isa = PBXBuildFile; fileRef = A7EF4FAF205B350B00629154 /* FBSDKCoreKit.framework */; };
		A7EF4FB4205B65BC00629154 /* LoginViewController.swift in Sources */ = {isa = PBXBuildFile; fileRef = A7EF4FB3205B65BC00629154 /* LoginViewController.swift */; };
		A7EF4FB8205B821900629154 /* NSMutableArray+test.m in Sources */ = {isa = PBXBuildFile; fileRef = A7EF4FB7205B821900629154 /* NSMutableArray+test.m */; };
		A7FEFD332058868F00E95F08 /* AppDelegate.swift in Sources */ = {isa = PBXBuildFile; fileRef = A7FEFD322058868F00E95F08 /* AppDelegate.swift */; };
		A7FEFD352058868F00E95F08 /* ParseClient.swift in Sources */ = {isa = PBXBuildFile; fileRef = A7FEFD342058868F00E95F08 /* ParseClient.swift */; };
		A7FEFD382058868F00E95F08 /* Main.storyboard in Resources */ = {isa = PBXBuildFile; fileRef = A7FEFD362058868F00E95F08 /* Main.storyboard */; };
		A7FEFD3A2058868F00E95F08 /* Assets.xcassets in Resources */ = {isa = PBXBuildFile; fileRef = A7FEFD392058868F00E95F08 /* Assets.xcassets */; };
		A7FEFD3D2058868F00E95F08 /* LaunchScreen.storyboard in Resources */ = {isa = PBXBuildFile; fileRef = A7FEFD3B2058868F00E95F08 /* LaunchScreen.storyboard */; };
		A7FEFD45205888A100E95F08 /* ParseConstants.swift in Sources */ = {isa = PBXBuildFile; fileRef = A7FEFD44205888A100E95F08 /* ParseConstants.swift */; };
/* End PBXBuildFile section */

/* Begin PBXFileReference section */
		A70B364A24D89B9400DF00F1 /* TabViewController.swift */ = {isa = PBXFileReference; fileEncoding = 4; lastKnownFileType = sourcecode.swift; name = TabViewController.swift; path = ViewControllers/TabViewController.swift; sourceTree = "<group>"; };
		A70B364B24D89B9400DF00F1 /* AddPinViewController.swift */ = {isa = PBXFileReference; fileEncoding = 4; lastKnownFileType = sourcecode.swift; name = AddPinViewController.swift; path = ViewControllers/AddPinViewController.swift; sourceTree = "<group>"; };
		A70B364C24D89B9400DF00F1 /* AddLinkViewController.swift */ = {isa = PBXFileReference; fileEncoding = 4; lastKnownFileType = sourcecode.swift; name = AddLinkViewController.swift; path = ViewControllers/AddLinkViewController.swift; sourceTree = "<group>"; };
		A70B364D24D89B9400DF00F1 /* ListViewController.swift */ = {isa = PBXFileReference; fileEncoding = 4; lastKnownFileType = sourcecode.swift; name = ListViewController.swift; path = ViewControllers/ListViewController.swift; sourceTree = "<group>"; };
		A70B364E24D89B9400DF00F1 /* MapViewController.swift */ = {isa = PBXFileReference; fileEncoding = 4; lastKnownFileType = sourcecode.swift; name = MapViewController.swift; path = ViewControllers/MapViewController.swift; sourceTree = "<group>"; };
		A70B364F24D89B9400DF00F1 /* LoginViewController.swift */ = {isa = PBXFileReference; fileEncoding = 4; lastKnownFileType = sourcecode.swift; name = LoginViewController.swift; path = ViewControllers/LoginViewController.swift; sourceTree = "<group>"; };
		A721D4F6205E07330047C355 /* MapViewController.swift */ = {isa = PBXFileReference; lastKnownFileType = sourcecode.swift; path = MapViewController.swift; sourceTree = "<group>"; };
		A721D4F8205F70090047C355 /* StudentInfo.swift */ = {isa = PBXFileReference; lastKnownFileType = sourcecode.swift; path = StudentInfo.swift; sourceTree = "<group>"; };
		A721D4FC20670C850047C355 /* ParseConvenience.swift */ = {isa = PBXFileReference; lastKnownFileType = sourcecode.swift; path = ParseConvenience.swift; sourceTree = "<group>"; };
		A7A1F072206EB85A0007FFAB /* UdacityConvenience.swift */ = {isa = PBXFileReference; lastKnownFileType = sourcecode.swift; path = UdacityConvenience.swift; sourceTree = "<group>"; };
		A7A1F074206EDEC20007FFAB /* ListViewController.swift */ = {isa = PBXFileReference; lastKnownFileType = sourcecode.swift; path = ListViewController.swift; sourceTree = "<group>"; };
		A7A1F078206F17160007FFAB /* TabViewController.swift */ = {isa = PBXFileReference; lastKnownFileType = sourcecode.swift; path = TabViewController.swift; sourceTree = "<group>"; };
		A7BCA07A20719DB000B7E29C /* AlertView.swift */ = {isa = PBXFileReference; lastKnownFileType = sourcecode.swift; path = AlertView.swift; sourceTree = "<group>"; };
		A7BCA07C2071A28900B7E29C /* AddPinViewController.swift */ = {isa = PBXFileReference; lastKnownFileType = sourcecode.swift; path = AddPinViewController.swift; sourceTree = "<group>"; };
		A7BCA07E2071AEE900B7E29C /* AddLinkViewController.swift */ = {isa = PBXFileReference; lastKnownFileType = sourcecode.swift; path = AddLinkViewController.swift; sourceTree = "<group>"; };
		A7EF4FA62059FF1F00629154 /* UdacityConstants.swift */ = {isa = PBXFileReference; lastKnownFileType = sourcecode.swift; path = UdacityConstants.swift; sourceTree = "<group>"; };
		A7EF4FA82059FF2C00629154 /* UdacityClient.swift */ = {isa = PBXFileReference; lastKnownFileType = sourcecode.swift; path = UdacityClient.swift; sourceTree = "<group>"; };
		A7EF4FAA205A15CB00629154 /* GCDBlackBox.swift */ = {isa = PBXFileReference; lastKnownFileType = sourcecode.swift; path = GCDBlackBox.swift; sourceTree = "<group>"; };
		A7EF4FAD205B350B00629154 /* FBSDKLoginKit.framework */ = {isa = PBXFileReference; lastKnownFileType = wrapper.framework; path = FBSDKLoginKit.framework; sourceTree = "<group>"; };
		A7EF4FAE205B350B00629154 /* Bolts.framework */ = {isa = PBXFileReference; lastKnownFileType = wrapper.framework; path = Bolts.framework; sourceTree = "<group>"; };
		A7EF4FAF205B350B00629154 /* FBSDKCoreKit.framework */ = {isa = PBXFileReference; lastKnownFileType = wrapper.framework; path = FBSDKCoreKit.framework; sourceTree = "<group>"; };
		A7EF4FB3205B65BC00629154 /* LoginViewController.swift */ = {isa = PBXFileReference; lastKnownFileType = sourcecode.swift; path = LoginViewController.swift; sourceTree = "<group>"; };
		A7EF4FB5205B821800629154 /* OnTheMap-Bridging-Header.h */ = {isa = PBXFileReference; lastKnownFileType = sourcecode.c.h; path = "OnTheMap-Bridging-Header.h"; sourceTree = "<group>"; };
		A7EF4FB6205B821900629154 /* NSMutableArray+test.h */ = {isa = PBXFileReference; lastKnownFileType = sourcecode.c.h; path = "NSMutableArray+test.h"; sourceTree = "<group>"; };
		A7EF4FB7205B821900629154 /* NSMutableArray+test.m */ = {isa = PBXFileReference; lastKnownFileType = sourcecode.c.objc; path = "NSMutableArray+test.m"; sourceTree = "<group>"; };
		A7FEFD2F2058868F00E95F08 /* OnTheMap.app */ = {isa = PBXFileReference; explicitFileType = wrapper.application; includeInIndex = 0; path = OnTheMap.app; sourceTree = BUILT_PRODUCTS_DIR; };
		A7FEFD322058868F00E95F08 /* AppDelegate.swift */ = {isa = PBXFileReference; lastKnownFileType = sourcecode.swift; path = AppDelegate.swift; sourceTree = "<group>"; };
		A7FEFD342058868F00E95F08 /* ParseClient.swift */ = {isa = PBXFileReference; lastKnownFileType = sourcecode.swift; path = ParseClient.swift; sourceTree = "<group>"; };
		A7FEFD372058868F00E95F08 /* Base */ = {isa = PBXFileReference; lastKnownFileType = file.storyboard; name = Base; path = Base.lproj/Main.storyboard; sourceTree = "<group>"; };
		A7FEFD392058868F00E95F08 /* Assets.xcassets */ = {isa = PBXFileReference; lastKnownFileType = folder.assetcatalog; path = Assets.xcassets; sourceTree = "<group>"; };
		A7FEFD3C2058868F00E95F08 /* Base */ = {isa = PBXFileReference; lastKnownFileType = file.storyboard; name = Base; path = Base.lproj/LaunchScreen.storyboard; sourceTree = "<group>"; };
		A7FEFD3E2058868F00E95F08 /* Info.plist */ = {isa = PBXFileReference; lastKnownFileType = text.plist.xml; path = Info.plist; sourceTree = "<group>"; };
		A7FEFD44205888A100E95F08 /* ParseConstants.swift */ = {isa = PBXFileReference; lastKnownFileType = sourcecode.swift; path = ParseConstants.swift; sourceTree = "<group>"; };
/* End PBXFileReference section */

/* Begin PBXFrameworksBuildPhase section */
		A7FEFD2C2058868F00E95F08 /* Frameworks */ = {
			isa = PBXFrameworksBuildPhase;
			buildActionMask = 2147483647;
			files = (
				A7EF4FB0205B350B00629154 /* FBSDKLoginKit.framework in Frameworks */,
				A7EF4FB2205B350B00629154 /* FBSDKCoreKit.framework in Frameworks */,
				A7EF4FB1205B350B00629154 /* Bolts.framework in Frameworks */,
			);
			runOnlyForDeploymentPostprocessing = 0;
		};
/* End PBXFrameworksBuildPhase section */

/* Begin PBXGroup section */
		A7EF4FAC205B34BB00629154 /* Facebook */ = {
			isa = PBXGroup;
			children = (
				A7EF4FAE205B350B00629154 /* Bolts.framework */,
				A7EF4FAF205B350B00629154 /* FBSDKCoreKit.framework */,
				A7EF4FAD205B350B00629154 /* FBSDKLoginKit.framework */,
			);
			path = Facebook;
			sourceTree = "<group>";
		};
		A7FEFD262058868F00E95F08 = {
			isa = PBXGroup;
			children = (
				A7FEFD312058868F00E95F08 /* OnTheMap */,
				A7FEFD302058868F00E95F08 /* Products */,
			);
			sourceTree = "<group>";
		};
		A7FEFD302058868F00E95F08 /* Products */ = {
			isa = PBXGroup;
			children = (
				A7FEFD2F2058868F00E95F08 /* OnTheMap.app */,
			);
			name = Products;
			sourceTree = "<group>";
		};
		A7FEFD312058868F00E95F08 /* OnTheMap */ = {
			isa = PBXGroup;
			children = (
				A7FEFD322058868F00E95F08 /* AppDelegate.swift */,
				A7EF4FAA205A15CB00629154 /* GCDBlackBox.swift */,
				A70B364C24D89B9400DF00F1 /* AddLinkViewController.swift */,
				A7BCA07C2071A28900B7E29C /* AddPinViewController.swift */,
				A7BCA07E2071AEE900B7E29C /* AddLinkViewController.swift */,
				A7BCA07A20719DB000B7E29C /* AlertView.swift */,
				A7EF4FB3205B65BC00629154 /* LoginViewController.swift */,
				A70B364F24D89B9400DF00F1 /* LoginViewController.swift */,
				A721D4F6205E07330047C355 /* MapViewController.swift */,
				A70B364B24D89B9400DF00F1 /* AddPinViewController.swift */,
				A70B364D24D89B9400DF00F1 /* ListViewController.swift */,
				A70B364E24D89B9400DF00F1 /* MapViewController.swift */,
				A7A1F078206F17160007FFAB /* TabViewController.swift */,
				A7A1F074206EDEC20007FFAB /* ListViewController.swift */,
				A70B364A24D89B9400DF00F1 /* TabViewController.swift */,
				A7FEFD342058868F00E95F08 /* ParseClient.swift */,
				A721D4FC20670C850047C355 /* ParseConvenience.swift */,
				A7FEFD44205888A100E95F08 /* ParseConstants.swift */,
				A721D4F8205F70090047C355 /* StudentInfo.swift */,
				A7EF4FA82059FF2C00629154 /* UdacityClient.swift */,
				A7A1F072206EB85A0007FFAB /* UdacityConvenience.swift */,
				A7EF4FA62059FF1F00629154 /* UdacityConstants.swift */,
				A7EF4FB6205B821900629154 /* NSMutableArray+test.h */,
				A7EF4FB7205B821900629154 /* NSMutableArray+test.m */,
				A7FEFD362058868F00E95F08 /* Main.storyboard */,
				A7FEFD392058868F00E95F08 /* Assets.xcassets */,
				A7FEFD3B2058868F00E95F08 /* LaunchScreen.storyboard */,
				A7FEFD3E2058868F00E95F08 /* Info.plist */,
				A7EF4FB5205B821800629154 /* OnTheMap-Bridging-Header.h */,
				A7EF4FAC205B34BB00629154 /* Facebook */,
			);
			path = OnTheMap;
			sourceTree = "<group>";
		};
/* End PBXGroup section */

/* Begin PBXNativeTarget section */
		A7FEFD2E2058868F00E95F08 /* OnTheMap */ = {
			isa = PBXNativeTarget;
			buildConfigurationList = A7FEFD412058868F00E95F08 /* Build configuration list for PBXNativeTarget "OnTheMap" */;
			buildPhases = (
				A7FEFD2B2058868F00E95F08 /* Sources */,
				A7FEFD2C2058868F00E95F08 /* Frameworks */,
				A7FEFD2D2058868F00E95F08 /* Resources */,
			);
			buildRules = (
			);
			dependencies = (
			);
			name = OnTheMap;
			productName = OnTheMap;
			productReference = A7FEFD2F2058868F00E95F08 /* OnTheMap.app */;
			productType = "com.apple.product-type.application";
		};
/* End PBXNativeTarget section */

/* Begin PBXProject section */
		A7FEFD272058868F00E95F08 /* Project object */ = {
			isa = PBXProject;
			attributes = {
				LastSwiftUpdateCheck = 0920;
				LastUpgradeCheck = 0920;
				ORGANIZATIONNAME = Udacity;
				TargetAttributes = {
					A7FEFD2E2058868F00E95F08 = {
						CreatedOnToolsVersion = 9.2;
						LastSwiftMigration = 0920;
						ProvisioningStyle = Automatic;
					};
				};
			};
			buildConfigurationList = A7FEFD2A2058868F00E95F08 /* Build configuration list for PBXProject "OnTheMap" */;
			compatibilityVersion = "Xcode 8.0";
			developmentRegion = en;
			hasScannedForEncodings = 0;
			knownRegions = (
				en,
				Base,
			);
			mainGroup = A7FEFD262058868F00E95F08;
			productRefGroup = A7FEFD302058868F00E95F08 /* Products */;
			projectDirPath = "";
			projectRoot = "";
			targets = (
				A7FEFD2E2058868F00E95F08 /* OnTheMap */,
			);
		};
/* End PBXProject section */

/* Begin PBXResourcesBuildPhase section */
		A7FEFD2D2058868F00E95F08 /* Resources */ = {
			isa = PBXResourcesBuildPhase;
			buildActionMask = 2147483647;
			files = (
				A7FEFD3D2058868F00E95F08 /* LaunchScreen.storyboard in Resources */,
				A7FEFD3A2058868F00E95F08 /* Assets.xcassets in Resources */,
				A7FEFD382058868F00E95F08 /* Main.storyboard in Resources */,
			);
			runOnlyForDeploymentPostprocessing = 0;
		};
/* End PBXResourcesBuildPhase section */

/* Begin PBXSourcesBuildPhase section */
		A7FEFD2B2058868F00E95F08 /* Sources */ = {
			isa = PBXSourcesBuildPhase;
			buildActionMask = 2147483647;
			files = (
				A721D4FD20670C850047C355 /* ParseConvenience.swift in Sources */,
				A7EF4FB4205B65BC00629154 /* LoginViewController.swift in Sources */,
				A721D4F9205F70090047C355 /* StudentInfo.swift in Sources */,
				A70B365524D89B9400DF00F1 /* LoginViewController.swift in Sources */,
				A7EF4FA92059FF2C00629154 /* UdacityClient.swift in Sources */,
				A7BCA07F2071AEE900B7E29C /* AddLinkViewController.swift in Sources */,
				A7BCA07D2071A28900B7E29C /* AddPinViewController.swift in Sources */,
				A70B365024D89B9400DF00F1 /* TabViewController.swift in Sources */,
				A7FEFD45205888A100E95F08 /* ParseConstants.swift in Sources */,
				A70B365124D89B9400DF00F1 /* AddPinViewController.swift in Sources */,
				A7BCA07B20719DB000B7E29C /* AlertView.swift in Sources */,
				A7EF4FA72059FF1F00629154 /* UdacityConstants.swift in Sources */,
				A70B365424D89B9400DF00F1 /* MapViewController.swift in Sources */,
				A7FEFD352058868F00E95F08 /* ParseClient.swift in Sources */,
				A7EF4FB8205B821900629154 /* NSMutableArray+test.m in Sources */,
				A7EF4FAB205A15CB00629154 /* GCDBlackBox.swift in Sources */,
				A721D4F7205E07330047C355 /* MapViewController.swift in Sources */,
				A7FEFD332058868F00E95F08 /* AppDelegate.swift in Sources */,
				A70B365224D89B9400DF00F1 /* AddLinkViewController.swift in Sources */,
				A7A1F075206EDEC20007FFAB /* ListViewController.swift in Sources */,
				A7A1F079206F17160007FFAB /* TabViewController.swift in Sources */,
				A7A1F073206EB85A0007FFAB /* UdacityConvenience.swift in Sources */,
				A70B365324D89B9400DF00F1 /* ListViewController.swift in Sources */,
			);
			runOnlyForDeploymentPostprocessing = 0;
		};
/* End PBXSourcesBuildPhase section */

/* Begin PBXVariantGroup section */
		A7FEFD362058868F00E95F08 /* Main.storyboard */ = {
			isa = PBXVariantGroup;
			children = (
				A7FEFD372058868F00E95F08 /* Base */,
			);
			name = Main.storyboard;
			sourceTree = "<group>";
		};
		A7FEFD3B2058868F00E95F08 /* LaunchScreen.storyboard */ = {
			isa = PBXVariantGroup;
			children = (
				A7FEFD3C2058868F00E95F08 /* Base */,
			);
			name = LaunchScreen.storyboard;
			sourceTree = "<group>";
		};
/* End PBXVariantGroup section */

/* Begin XCBuildConfiguration section */
		A7FEFD3F2058868F00E95F08 /* Debug */ = {
			isa = XCBuildConfiguration;
			buildSettings = {
				ALWAYS_SEARCH_USER_PATHS = NO;
				CLANG_ANALYZER_NONNULL = YES;
				CLANG_ANALYZER_NUMBER_OBJECT_CONVERSION = YES_AGGRESSIVE;
				CLANG_CXX_LANGUAGE_STANDARD = "gnu++14";
				CLANG_CXX_LIBRARY = "libc++";
				CLANG_ENABLE_MODULES = YES;
				CLANG_ENABLE_OBJC_ARC = YES;
				CLANG_WARN_BLOCK_CAPTURE_AUTORELEASING = YES;
				CLANG_WARN_BOOL_CONVERSION = YES;
				CLANG_WARN_COMMA = YES;
				CLANG_WARN_CONSTANT_CONVERSION = YES;
				CLANG_WARN_DIRECT_OBJC_ISA_USAGE = YES_ERROR;
				CLANG_WARN_DOCUMENTATION_COMMENTS = YES;
				CLANG_WARN_EMPTY_BODY = YES;
				CLANG_WARN_ENUM_CONVERSION = YES;
				CLANG_WARN_INFINITE_RECURSION = YES;
				CLANG_WARN_INT_CONVERSION = YES;
				CLANG_WARN_NON_LITERAL_NULL_CONVERSION = YES;
				CLANG_WARN_OBJC_LITERAL_CONVERSION = YES;
				CLANG_WARN_OBJC_ROOT_CLASS = YES_ERROR;
				CLANG_WARN_RANGE_LOOP_ANALYSIS = YES;
				CLANG_WARN_STRICT_PROTOTYPES = YES;
				CLANG_WARN_SUSPICIOUS_MOVE = YES;
				CLANG_WARN_UNGUARDED_AVAILABILITY = YES_AGGRESSIVE;
				CLANG_WARN_UNREACHABLE_CODE = YES;
				CLANG_WARN__DUPLICATE_METHOD_MATCH = YES;
				CODE_SIGN_IDENTITY = "iPhone Developer";
				COPY_PHASE_STRIP = NO;
				DEBUG_INFORMATION_FORMAT = dwarf;
				ENABLE_STRICT_OBJC_MSGSEND = YES;
				ENABLE_TESTABILITY = YES;
				GCC_C_LANGUAGE_STANDARD = gnu11;
				GCC_DYNAMIC_NO_PIC = NO;
				GCC_NO_COMMON_BLOCKS = YES;
				GCC_OPTIMIZATION_LEVEL = 0;
				GCC_PREPROCESSOR_DEFINITIONS = (
					"DEBUG=1",
					"$(inherited)",
				);
				GCC_WARN_64_TO_32_BIT_CONVERSION = YES;
				GCC_WARN_ABOUT_RETURN_TYPE = YES_ERROR;
				GCC_WARN_UNDECLARED_SELECTOR = YES;
				GCC_WARN_UNINITIALIZED_AUTOS = YES_AGGRESSIVE;
				GCC_WARN_UNUSED_FUNCTION = YES;
				GCC_WARN_UNUSED_VARIABLE = YES;
				IPHONEOS_DEPLOYMENT_TARGET = 11.2;
				MTL_ENABLE_DEBUG_INFO = YES;
				ONLY_ACTIVE_ARCH = YES;
				SDKROOT = iphoneos;
				SWIFT_ACTIVE_COMPILATION_CONDITIONS = DEBUG;
				SWIFT_OPTIMIZATION_LEVEL = "-Onone";
			};
			name = Debug;
		};
		A7FEFD402058868F00E95F08 /* Release */ = {
			isa = XCBuildConfiguration;
			buildSettings = {
				ALWAYS_SEARCH_USER_PATHS = NO;
				CLANG_ANALYZER_NONNULL = YES;
				CLANG_ANALYZER_NUMBER_OBJECT_CONVERSION = YES_AGGRESSIVE;
				CLANG_CXX_LANGUAGE_STANDARD = "gnu++14";
				CLANG_CXX_LIBRARY = "libc++";
				CLANG_ENABLE_MODULES = YES;
				CLANG_ENABLE_OBJC_ARC = YES;
				CLANG_WARN_BLOCK_CAPTURE_AUTORELEASING = YES;
				CLANG_WARN_BOOL_CONVERSION = YES;
				CLANG_WARN_COMMA = YES;
				CLANG_WARN_CONSTANT_CONVERSION = YES;
				CLANG_WARN_DIRECT_OBJC_ISA_USAGE = YES_ERROR;
				CLANG_WARN_DOCUMENTATION_COMMENTS = YES;
				CLANG_WARN_EMPTY_BODY = YES;
				CLANG_WARN_ENUM_CONVERSION = YES;
				CLANG_WARN_INFINITE_RECURSION = YES;
				CLANG_WARN_INT_CONVERSION = YES;
				CLANG_WARN_NON_LITERAL_NULL_CONVERSION = YES;
				CLANG_WARN_OBJC_LITERAL_CONVERSION = YES;
				CLANG_WARN_OBJC_ROOT_CLASS = YES_ERROR;
				CLANG_WARN_RANGE_LOOP_ANALYSIS = YES;
				CLANG_WARN_STRICT_PROTOTYPES = YES;
				CLANG_WARN_SUSPICIOUS_MOVE = YES;
				CLANG_WARN_UNGUARDED_AVAILABILITY = YES_AGGRESSIVE;
				CLANG_WARN_UNREACHABLE_CODE = YES;
				CLANG_WARN__DUPLICATE_METHOD_MATCH = YES;
				CODE_SIGN_IDENTITY = "iPhone Developer";
				COPY_PHASE_STRIP = NO;
				DEBUG_INFORMATION_FORMAT = "dwarf-with-dsym";
				ENABLE_NS_ASSERTIONS = NO;
				ENABLE_STRICT_OBJC_MSGSEND = YES;
				GCC_C_LANGUAGE_STANDARD = gnu11;
				GCC_NO_COMMON_BLOCKS = YES;
				GCC_WARN_64_TO_32_BIT_CONVERSION = YES;
				GCC_WARN_ABOUT_RETURN_TYPE = YES_ERROR;
				GCC_WARN_UNDECLARED_SELECTOR = YES;
				GCC_WARN_UNINITIALIZED_AUTOS = YES_AGGRESSIVE;
				GCC_WARN_UNUSED_FUNCTION = YES;
				GCC_WARN_UNUSED_VARIABLE = YES;
				IPHONEOS_DEPLOYMENT_TARGET = 11.2;
				MTL_ENABLE_DEBUG_INFO = NO;
				SDKROOT = iphoneos;
				SWIFT_OPTIMIZATION_LEVEL = "-Owholemodule";
				VALIDATE_PRODUCT = YES;
			};
			name = Release;
		};
		A7FEFD422058868F00E95F08 /* Debug */ = {
			isa = XCBuildConfiguration;
			buildSettings = {
				ASSETCATALOG_COMPILER_APPICON_NAME = AppIcon;
				CLANG_ENABLE_MODULES = YES;
				CODE_SIGN_STYLE = Automatic;
				FRAMEWORK_SEARCH_PATHS = (
					"$(inherited)",
					"$(PROJECT_DIR)/OnTheMap/Facebook",
				);
				INFOPLIST_FILE = OnTheMap/Info.plist;
				LD_RUNPATH_SEARCH_PATHS = "$(inherited) @executable_path/Frameworks";
				PRODUCT_BUNDLE_IDENTIFIER = com.udacity.OnTheMap;
				PRODUCT_NAME = "$(TARGET_NAME)";
				SWIFT_OBJC_BRIDGING_HEADER = "OnTheMap/OnTheMap-Bridging-Header.h";
				SWIFT_OPTIMIZATION_LEVEL = "-Onone";
				SWIFT_VERSION = 4.0;
				TARGETED_DEVICE_FAMILY = "1,2";
			};
			name = Debug;
		};
		A7FEFD432058868F00E95F08 /* Release */ = {
			isa = XCBuildConfiguration;
			buildSettings = {
				ASSETCATALOG_COMPILER_APPICON_NAME = AppIcon;
				CLANG_ENABLE_MODULES = YES;
				CODE_SIGN_STYLE = Automatic;
				FRAMEWORK_SEARCH_PATHS = (
					"$(inherited)",
					"$(PROJECT_DIR)/OnTheMap/Facebook",
				);
				INFOPLIST_FILE = OnTheMap/Info.plist;
				LD_RUNPATH_SEARCH_PATHS = "$(inherited) @executable_path/Frameworks";
				PRODUCT_BUNDLE_IDENTIFIER = com.udacity.OnTheMap;
				PRODUCT_NAME = "$(TARGET_NAME)";
				SWIFT_OBJC_BRIDGING_HEADER = "OnTheMap/OnTheMap-Bridging-Header.h";
				SWIFT_VERSION = 4.0;
				TARGETED_DEVICE_FAMILY = "1,2";
			};
			name = Release;
		};
/* End XCBuildConfiguration section */

/* Begin XCConfigurationList section */
		A7FEFD2A2058868F00E95F08 /* Build configuration list for PBXProject "OnTheMap" */ = {
			isa = XCConfigurationList;
			buildConfigurations = (
				A7FEFD3F2058868F00E95F08 /* Debug */,
				A7FEFD402058868F00E95F08 /* Release */,
			);
			defaultConfigurationIsVisible = 0;
			defaultConfigurationName = Release;
		};
		A7FEFD412058868F00E95F08 /* Build configuration list for PBXNativeTarget "OnTheMap" */ = {
			isa = XCConfigurationList;
			buildConfigurations = (
				A7FEFD422058868F00E95F08 /* Debug */,
				A7FEFD432058868F00E95F08 /* Release */,
			);
			defaultConfigurationIsVisible = 0;
			defaultConfigurationName = Release;
		};
/* End XCConfigurationList section */
	};
	rootObject = A7FEFD272058868F00E95F08 /* Project object */;
}
