// !$*UTF8*$!
{
	archiveVersion = 1;
	classes = {
	};
	objectVersion = 48;
	objects = {

/* Begin PBXBuildFile section */
		A72FE545203E481000A8F4F7 /* MemeCollectionViewController.swift in Sources */ = {isa = PBXBuildFile; fileRef = A72FE544203E481000A8F4F7 /* MemeCollectionViewController.swift */; };
		A735EAA8202FEA9900F72BA2 /* AppDelegate.swift in Sources */ = {isa = PBXBuildFile; fileRef = A735EAA7202FEA9900F72BA2 /* AppDelegate.swift */; };
		A735EAAA202FEA9900F72BA2 /* MemeEditorViewController.swift in Sources */ = {isa = PBXBuildFile; fileRef = A735EAA9202FEA9900F72BA2 /* MemeEditorViewController.swift */; };
		A735EAAD202FEA9900F72BA2 /* Main.storyboard in Resources */ = {isa = PBXBuildFile; fileRef = A735EAAB202FEA9900F72BA2 /* Main.storyboard */; };
		A735EAAF202FEA9900F72BA2 /* Assets.xcassets in Resources */ = {isa = PBXBuildFile; fileRef = A735EAAE202FEA9900F72BA2 /* Assets.xcassets */; };
		A735EAB2202FEA9900F72BA2 /* LaunchScreen.storyboard in Resources */ = {isa = PBXBuildFile; fileRef = A735EAB0202FEA9900F72BA2 /* LaunchScreen.storyboard */; };
		A76F1F2220316327000C5E91 /* MemeStruct.swift in Sources */ = {isa = PBXBuildFile; fileRef = A76F1F2120316327000C5E91 /* MemeStruct.swift */; };
		A7AB53C2203FB3BD0040F71A /* CustomMemeCell.swift in Sources */ = {isa = PBXBuildFile; fileRef = A7AB53C1203FB3BD0040F71A /* CustomMemeCell.swift */; };
		A7BBEECA203FDC890002C8F7 /* MemeDetailViewController.swift in Sources */ = {isa = PBXBuildFile; fileRef = A7BBEEC9203FDC890002C8F7 /* MemeDetailViewController.swift */; };
		A7FD6E172042015A007E7909 /* MemeTableViewController.swift in Sources */ = {isa = PBXBuildFile; fileRef = A7FD6E162042015A007E7909 /* MemeTableViewController.swift */; };
/* End PBXBuildFile section */

/* Begin PBXFileReference section */
		A72FE544203E481000A8F4F7 /* MemeCollectionViewController.swift */ = {isa = PBXFileReference; lastKnownFileType = sourcecode.swift; path = MemeCollectionViewController.swift; sourceTree = "<group>"; };
		A735EAA4202FEA9900F72BA2 /* MemeMe1.app */ = {isa = PBXFileReference; explicitFileType = wrapper.application; includeInIndex = 0; path = MemeMe1.app; sourceTree = BUILT_PRODUCTS_DIR; };
		A735EAA7202FEA9900F72BA2 /* AppDelegate.swift */ = {isa = PBXFileReference; lastKnownFileType = sourcecode.swift; path = AppDelegate.swift; sourceTree = "<group>"; };
		A735EAA9202FEA9900F72BA2 /* MemeEditorViewController.swift */ = {isa = PBXFileReference; lastKnownFileType = sourcecode.swift; path = MemeEditorViewController.swift; sourceTree = "<group>"; };
		A735EAAC202FEA9900F72BA2 /* Base */ = {isa = PBXFileReference; lastKnownFileType = file.storyboard; name = Base; path = Base.lproj/Main.storyboard; sourceTree = "<group>"; };
		A735EAAE202FEA9900F72BA2 /* Assets.xcassets */ = {isa = PBXFileReference; lastKnownFileType = folder.assetcatalog; path = Assets.xcassets; sourceTree = "<group>"; };
		A735EAB1202FEA9900F72BA2 /* Base */ = {isa = PBXFileReference; lastKnownFileType = file.storyboard; name = Base; path = Base.lproj/LaunchScreen.storyboard; sourceTree = "<group>"; };
		A735EAB3202FEA9900F72BA2 /* Info.plist */ = {isa = PBXFileReference; lastKnownFileType = text.plist.xml; path = Info.plist; sourceTree = "<group>"; };
		A76F1F2120316327000C5E91 /* MemeStruct.swift */ = {isa = PBXFileReference; lastKnownFileType = sourcecode.swift; path = MemeStruct.swift; sourceTree = "<group>"; };
		A7AB53C1203FB3BD0040F71A /* CustomMemeCell.swift */ = {isa = PBXFileReference; lastKnownFileType = sourcecode.swift; path = CustomMemeCell.swift; sourceTree = "<group>"; };
		A7BBEEC9203FDC890002C8F7 /* MemeDetailViewController.swift */ = {isa = PBXFileReference; lastKnownFileType = sourcecode.swift; path = MemeDetailViewController.swift; sourceTree = "<group>"; };
		A7FD6E162042015A007E7909 /* MemeTableViewController.swift */ = {isa = PBXFileReference; lastKnownFileType = sourcecode.swift; path = MemeTableViewController.swift; sourceTree = "<group>"; };
/* End PBXFileReference section */

/* Begin PBXFrameworksBuildPhase section */
		A735EAA1202FEA9900F72BA2 /* Frameworks */ = {
			isa = PBXFrameworksBuildPhase;
			buildActionMask = 2147483647;
			files = (
			);
			runOnlyForDeploymentPostprocessing = 0;
		};
/* End PBXFrameworksBuildPhase section */

/* Begin PBXGroup section */
		A735EA9B202FEA9900F72BA2 = {
			isa = PBXGroup;
			children = (
				A735EAA6202FEA9900F72BA2 /* MemeMe1 */,
				A735EAA5202FEA9900F72BA2 /* Products */,
			);
			sourceTree = "<group>";
		};
		A735EAA5202FEA9900F72BA2 /* Products */ = {
			isa = PBXGroup;
			children = (
				A735EAA4202FEA9900F72BA2 /* MemeMe1.app */,
			);
			name = Products;
			sourceTree = "<group>";
		};
		A735EAA6202FEA9900F72BA2 /* MemeMe1 */ = {
			isa = PBXGroup;
			children = (
				A735EAA7202FEA9900F72BA2 /* AppDelegate.swift */,
				A735EAA9202FEA9900F72BA2 /* MemeEditorViewController.swift */,
				A72FE544203E481000A8F4F7 /* MemeCollectionViewController.swift */,
				A7FD6E162042015A007E7909 /* MemeTableViewController.swift */,
				A7AB53C1203FB3BD0040F71A /* CustomMemeCell.swift */,
				A7BBEEC9203FDC890002C8F7 /* MemeDetailViewController.swift */,
				A735EAAB202FEA9900F72BA2 /* Main.storyboard */,
				A76F1F2120316327000C5E91 /* MemeStruct.swift */,
				A735EAAE202FEA9900F72BA2 /* Assets.xcassets */,
				A735EAB0202FEA9900F72BA2 /* LaunchScreen.storyboard */,
				A735EAB3202FEA9900F72BA2 /* Info.plist */,
			);
			path = MemeMe1;
			sourceTree = "<group>";
		};
/* End PBXGroup section */

/* Begin PBXNativeTarget section */
		A735EAA3202FEA9900F72BA2 /* MemeMe1 */ = {
			isa = PBXNativeTarget;
			buildConfigurationList = A735EAB6202FEA9900F72BA2 /* Build configuration list for PBXNativeTarget "MemeMe1" */;
			buildPhases = (
				A735EAA0202FEA9900F72BA2 /* Sources */,
				A735EAA1202FEA9900F72BA2 /* Frameworks */,
				A735EAA2202FEA9900F72BA2 /* Resources */,
			);
			buildRules = (
			);
			dependencies = (
			);
			name = MemeMe1;
			productName = MemeMe1;
			productReference = A735EAA4202FEA9900F72BA2 /* MemeMe1.app */;
			productType = "com.apple.product-type.application";
		};
/* End PBXNativeTarget section */

/* Begin PBXProject section */
		A735EA9C202FEA9900F72BA2 /* Project object */ = {
			isa = PBXProject;
			attributes = {
				LastSwiftUpdateCheck = 0920;
				LastUpgradeCheck = 0920;
				ORGANIZATIONNAME = Udacity;
				TargetAttributes = {
					A735EAA3202FEA9900F72BA2 = {
						CreatedOnToolsVersion = 9.2;
						ProvisioningStyle = Automatic;
					};
				};
			};
			buildConfigurationList = A735EA9F202FEA9900F72BA2 /* Build configuration list for PBXProject "MemeMe1" */;
			compatibilityVersion = "Xcode 8.0";
			developmentRegion = en;
			hasScannedForEncodings = 0;
			knownRegions = (
				en,
				Base,
			);
			mainGroup = A735EA9B202FEA9900F72BA2;
			productRefGroup = A735EAA5202FEA9900F72BA2 /* Products */;
			projectDirPath = "";
			projectRoot = "";
			targets = (
				A735EAA3202FEA9900F72BA2 /* MemeMe1 */,
			);
		};
/* End PBXProject section */

/* Begin PBXResourcesBuildPhase section */
		A735EAA2202FEA9900F72BA2 /* Resources */ = {
			isa = PBXResourcesBuildPhase;
			buildActionMask = 2147483647;
			files = (
				A735EAB2202FEA9900F72BA2 /* LaunchScreen.storyboard in Resources */,
				A735EAAF202FEA9900F72BA2 /* Assets.xcassets in Resources */,
				A735EAAD202FEA9900F72BA2 /* Main.storyboard in Resources */,
			);
			runOnlyForDeploymentPostprocessing = 0;
		};
/* End PBXResourcesBuildPhase section */

/* Begin PBXSourcesBuildPhase section */
		A735EAA0202FEA9900F72BA2 /* Sources */ = {
			isa = PBXSourcesBuildPhase;
			buildActionMask = 2147483647;
			files = (
				A72FE545203E481000A8F4F7 /* MemeCollectionViewController.swift in Sources */,
				A7FD6E172042015A007E7909 /* MemeTableViewController.swift in Sources */,
				A735EAAA202FEA9900F72BA2 /* MemeEditorViewController.swift in Sources */,
				A7AB53C2203FB3BD0040F71A /* CustomMemeCell.swift in Sources */,
				A7BBEECA203FDC890002C8F7 /* MemeDetailViewController.swift in Sources */,
				A76F1F2220316327000C5E91 /* MemeStruct.swift in Sources */,
				A735EAA8202FEA9900F72BA2 /* AppDelegate.swift in Sources */,
			);
			runOnlyForDeploymentPostprocessing = 0;
		};
/* End PBXSourcesBuildPhase section */

/* Begin PBXVariantGroup section */
		A735EAAB202FEA9900F72BA2 /* Main.storyboard */ = {
			isa = PBXVariantGroup;
			children = (
				A735EAAC202FEA9900F72BA2 /* Base */,
			);
			name = Main.storyboard;
			sourceTree = "<group>";
		};
		A735EAB0202FEA9900F72BA2 /* LaunchScreen.storyboard */ = {
			isa = PBXVariantGroup;
			children = (
				A735EAB1202FEA9900F72BA2 /* Base */,
			);
			name = LaunchScreen.storyboard;
			sourceTree = "<group>";
		};
/* End PBXVariantGroup section */

/* Begin XCBuildConfiguration section */
		A735EAB4202FEA9900F72BA2 /* Debug */ = {
			isa = XCBuildConfiguration;
			buildSettings = {
				ALWAYS_SEARCH_USER_PATHS = NO;
				CLANG_ANALYZER_NONNULL = YES;
				CLANG_ANALYZER_NUMBER_OBJECT_CONVERSION = YES_AGGRESSIVE;
				CLANG_CXX_LANGUAGE_STANDARD = "gnu++14";
				CLANG_CXX_LIBRARY = "libc++";
				CLANG_ENABLE_MODULES = YES;
				CLANG_ENABLE_OBJC_ARC = YES;
				CLANG_WARN_BLOCK_CAPTURE_AUTORELEASING = YES;
				CLANG_WARN_BOOL_CONVERSION = YES;
				CLANG_WARN_COMMA = YES;
				CLANG_WARN_CONSTANT_CONVERSION = YES;
				CLANG_WARN_DIRECT_OBJC_ISA_USAGE = YES_ERROR;
				CLANG_WARN_DOCUMENTATION_COMMENTS = YES;
				CLANG_WARN_EMPTY_BODY = YES;
				CLANG_WARN_ENUM_CONVERSION = YES;
				CLANG_WARN_INFINITE_RECURSION = YES;
				CLANG_WARN_INT_CONVERSION = YES;
				CLANG_WARN_NON_LITERAL_NULL_CONVERSION = YES;
				CLANG_WARN_OBJC_LITERAL_CONVERSION = YES;
				CLANG_WARN_OBJC_ROOT_CLASS = YES_ERROR;
				CLANG_WARN_RANGE_LOOP_ANALYSIS = YES;
				CLANG_WARN_STRICT_PROTOTYPES = YES;
				CLANG_WARN_SUSPICIOUS_MOVE = YES;
				CLANG_WARN_UNGUARDED_AVAILABILITY = YES_AGGRESSIVE;
				CLANG_WARN_UNREACHABLE_CODE = YES;
				CLANG_WARN__DUPLICATE_METHOD_MATCH = YES;
				CODE_SIGN_IDENTITY = "iPhone Developer";
				COPY_PHASE_STRIP = NO;
				DEBUG_INFORMATION_FORMAT = dwarf;
				ENABLE_STRICT_OBJC_MSGSEND = YES;
				ENABLE_TESTABILITY = YES;
				GCC_C_LANGUAGE_STANDARD = gnu11;
				GCC_DYNAMIC_NO_PIC = NO;
				GCC_NO_COMMON_BLOCKS = YES;
				GCC_OPTIMIZATION_LEVEL = 0;
				GCC_PREPROCESSOR_DEFINITIONS = (
					"DEBUG=1",
					"$(inherited)",
				);
				GCC_WARN_64_TO_32_BIT_CONVERSION = YES;
				GCC_WARN_ABOUT_RETURN_TYPE = YES_ERROR;
				GCC_WARN_UNDECLARED_SELECTOR = YES;
				GCC_WARN_UNINITIALIZED_AUTOS = YES_AGGRESSIVE;
				GCC_WARN_UNUSED_FUNCTION = YES;
				GCC_WARN_UNUSED_VARIABLE = YES;
				IPHONEOS_DEPLOYMENT_TARGET = 11.2;
				MTL_ENABLE_DEBUG_INFO = YES;
				ONLY_ACTIVE_ARCH = YES;
				SDKROOT = iphoneos;
				SWIFT_ACTIVE_COMPILATION_CONDITIONS = DEBUG;
				SWIFT_OPTIMIZATION_LEVEL = "-Onone";
			};
			name = Debug;
		};
		A735EAB5202FEA9900F72BA2 /* Release */ = {
			isa = XCBuildConfiguration;
			buildSettings = {
				ALWAYS_SEARCH_USER_PATHS = NO;
				CLANG_ANALYZER_NONNULL = YES;
				CLANG_ANALYZER_NUMBER_OBJECT_CONVERSION = YES_AGGRESSIVE;
				CLANG_CXX_LANGUAGE_STANDARD = "gnu++14";
				CLANG_CXX_LIBRARY = "libc++";
				CLANG_ENABLE_MODULES = YES;
				CLANG_ENABLE_OBJC_ARC = YES;
				CLANG_WARN_BLOCK_CAPTURE_AUTORELEASING = YES;
				CLANG_WARN_BOOL_CONVERSION = YES;
				CLANG_WARN_COMMA = YES;
				CLANG_WARN_CONSTANT_CONVERSION = YES;
				CLANG_WARN_DIRECT_OBJC_ISA_USAGE = YES_ERROR;
				CLANG_WARN_DOCUMENTATION_COMMENTS = YES;
				CLANG_WARN_EMPTY_BODY = YES;
				CLANG_WARN_ENUM_CONVERSION = YES;
				CLANG_WARN_INFINITE_RECURSION = YES;
				CLANG_WARN_INT_CONVERSION = YES;
				CLANG_WARN_NON_LITERAL_NULL_CONVERSION = YES;
				CLANG_WARN_OBJC_LITERAL_CONVERSION = YES;
				CLANG_WARN_OBJC_ROOT_CLASS = YES_ERROR;
				CLANG_WARN_RANGE_LOOP_ANALYSIS = YES;
				CLANG_WARN_STRICT_PROTOTYPES = YES;
				CLANG_WARN_SUSPICIOUS_MOVE = YES;
				CLANG_WARN_UNGUARDED_AVAILABILITY = YES_AGGRESSIVE;
				CLANG_WARN_UNREACHABLE_CODE = YES;
				CLANG_WARN__DUPLICATE_METHOD_MATCH = YES;
				CODE_SIGN_IDENTITY = "iPhone Developer";
				COPY_PHASE_STRIP = NO;
				DEBUG_INFORMATION_FORMAT = "dwarf-with-dsym";
				ENABLE_NS_ASSERTIONS = NO;
				ENABLE_STRICT_OBJC_MSGSEND = YES;
				GCC_C_LANGUAGE_STANDARD = gnu11;
				GCC_NO_COMMON_BLOCKS = YES;
				GCC_WARN_64_TO_32_BIT_CONVERSION = YES;
				GCC_WARN_ABOUT_RETURN_TYPE = YES_ERROR;
				GCC_WARN_UNDECLARED_SELECTOR = YES;
				GCC_WARN_UNINITIALIZED_AUTOS = YES_AGGRESSIVE;
				GCC_WARN_UNUSED_FUNCTION = YES;
				GCC_WARN_UNUSED_VARIABLE = YES;
				IPHONEOS_DEPLOYMENT_TARGET = 11.2;
				MTL_ENABLE_DEBUG_INFO = NO;
				SDKROOT = iphoneos;
				SWIFT_OPTIMIZATION_LEVEL = "-Owholemodule";
				VALIDATE_PRODUCT = YES;
			};
			name = Release;
		};
		A735EAB7202FEA9900F72BA2 /* Debug */ = {
			isa = XCBuildConfiguration;
			buildSettings = {
				ASSETCATALOG_COMPILER_APPICON_NAME = AppIcon;
				CODE_SIGN_STYLE = Automatic;
				INFOPLIST_FILE = MemeMe1/Info.plist;
				LD_RUNPATH_SEARCH_PATHS = "$(inherited) @executable_path/Frameworks";
				PRODUCT_BUNDLE_IDENTIFIER = com.udacity.MemeMe1;
				PRODUCT_NAME = "$(TARGET_NAME)";
				SWIFT_VERSION = 4.0;
				TARGETED_DEVICE_FAMILY = "1,2";
			};
			name = Debug;
		};
		A735EAB8202FEA9900F72BA2 /* Release */ = {
			isa = XCBuildConfiguration;
			buildSettings = {
				ASSETCATALOG_COMPILER_APPICON_NAME = AppIcon;
				CODE_SIGN_STYLE = Automatic;
				INFOPLIST_FILE = MemeMe1/Info.plist;
				LD_RUNPATH_SEARCH_PATHS = "$(inherited) @executable_path/Frameworks";
				PRODUCT_BUNDLE_IDENTIFIER = com.udacity.MemeMe1;
				PRODUCT_NAME = "$(TARGET_NAME)";
				SWIFT_VERSION = 4.0;
				TARGETED_DEVICE_FAMILY = "1,2";
			};
			name = Release;
		};
/* End XCBuildConfiguration section */

/* Begin XCConfigurationList section */
		A735EA9F202FEA9900F72BA2 /* Build configuration list for PBXProject "MemeMe1" */ = {
			isa = XCConfigurationList;
			buildConfigurations = (
				A735EAB4202FEA9900F72BA2 /* Debug */,
				A735EAB5202FEA9900F72BA2 /* Release */,
			);
			defaultConfigurationIsVisible = 0;
			defaultConfigurationName = Release;
		};
		A735EAB6202FEA9900F72BA2 /* Build configuration list for PBXNativeTarget "MemeMe1" */ = {
			isa = XCConfigurationList;
			buildConfigurations = (
				A735EAB7202FEA9900F72BA2 /* Debug */,
				A735EAB8202FEA9900F72BA2 /* Release */,
			);
			defaultConfigurationIsVisible = 0;
			defaultConfigurationName = Release;
		};
/* End XCConfigurationList section */
	};
	rootObject = A735EA9C202FEA9900F72BA2 /* Project object */;
}
